
Microsoft Visual Studio Solution File, Format Version 12.00
# Visual Studio 15
VisualStudioVersion = 15.0.27130.2036
MinimumVisualStudioVersion = 10.0.40219.1
Project("{9092AA53-FB77-4645-B42D-1CCCA6BD08BD}") = "NodejsWebApp2", "NodejsWebApp2\NodejsWebApp2.njsproj", "{AA69A16F-19F4-4B0E-A083-47154C374A96}"
EndProject
Global
	GlobalSection(SolutionConfigurationPlatforms) = preSolution
		Debug|Any CPU = Debug|Any CPU
		Release|Any CPU = Release|Any CPU
	EndGlobalSection
	GlobalSection(ProjectConfigurationPlatforms) = postSolution
		{AA69A16F-19F4-4B0E-A083-47154C374A96}.Debug|Any CPU.ActiveCfg = Debug|Any CPU
		{AA69A16F-19F4-4B0E-A083-47154C374A96}.Debug|Any CPU.Build.0 = Debug|Any CPU
		{AA69A16F-19F4-4B0E-A083-47154C374A96}.Release|Any CPU.ActiveCfg = Release|Any CPU
		{AA69A16F-19F4-4B0E-A083-47154C374A96}.Release|Any CPU.Build.0 = Release|Any CPU
	EndGlobalSection
	GlobalSection(SolutionProperties) = preSolution
		HideSolutionNode = FALSE
	EndGlobalSection
	GlobalSection(ExtensibilityGlobals) = postSolution
		SolutionGuid = {E7CF3F40-8D59-4E9F-881C-37978997A4AD}
	EndGlobalSection
EndGlobal
